{
    "_readme": [
        "This file locks the dependencies of your project to a known state",
        "Read more about it at http://getcomposer.org/doc/01-basic-usage.md#composer-lock-the-lock-file",
        "This file is @generated automatically"
    ],
    "hash": "b78a2a470ba9e820aa5df58bf9c5781b",
    "packages": [
        {
            "name": "unikent/lib-php-librarysearch",
            "version": "dev-master",
            "source": {
                "type": "git",
                "url": "https://github.com/unikent/lib-php-librarysearch.git",
                "reference": "dadb11c56b31130b43b0270f6bee8ffae58520f4"
            },
            "dist": {
                "type": "zip",
                "url": "https://api.github.com/repos/unikent/lib-php-librarysearch/zipball/dadb11c56b31130b43b0270f6bee8ffae58520f4",
                "reference": "dadb11c56b31130b43b0270f6bee8ffae58520f4",
                "shasum": ""
            },
            "require": {
                "php": ">=5.3"
            },
            "require-dev": {
                "phpdocumentor/phpdocumentor": "2.7"
            },
            "type": "library",
            "autoload": {
                "psr-4": {
                    "unikent\\LibrarySearch\\": [
                        "src/"
                    ]
                }
            },
            "notification-url": "https://packagist.org/downloads/",
            "authors": [
                {
                    "name": "Skylar Tristan Kelty",
                    "email": "s.kelty@kent.ac.uk",
                    "role": "lead"
                }
            ],
            "description": "Library Search PHP library.",
            "homepage": "https://github.com/unikent/lib-php-librarysearch",
            "keywords": [
                "api",
                "kent",
                "library"
            ],
            "time": "2014-11-17 13:41:34"
        }
    ],
    "packages-dev": [],
    "aliases": [],
    "minimum-stability": "stable",
    "stability-flags": {
        "unikent/lib-php-librarysearch": 20
    },
    "prefer-stable": false,
    "platform": [],
    "platform-dev": []
}
